// !$*UTF8*$!
{
	archiveVersion = 1;
	classes = {
	};
	objectVersion = 56;
	objects = {

/* Begin PBXBuildFile section */
		8C4BF1A42AC8E2F100876A4B /* Cicero1App.swift in Sources */ = {isa = PBXBuildFile; fileRef = 8C4BF1A32AC8E2F100876A4B /* Cicero1App.swift */; };
		8C4BF1A62AC8E2F100876A4B /* ContentView.swift in Sources */ = {isa = PBXBuildFile; fileRef = 8C4BF1A52AC8E2F100876A4B /* ContentView.swift */; };
		8C4BF1A82AC8E2F400876A4B /* Assets.xcassets in Resources */ = {isa = PBXBuildFile; fileRef = 8C4BF1A72AC8E2F400876A4B /* Assets.xcassets */; };
		8C4BF1AB2AC8E2F400876A4B /* Preview Assets.xcassets in Resources */ = {isa = PBXBuildFile; fileRef = 8C4BF1AA2AC8E2F400876A4B /* Preview Assets.xcassets */; };
		8C4BF1B22AC8E33400876A4B /* SignupView.swift in Sources */ = {isa = PBXBuildFile; fileRef = 8C4BF1B12AC8E33400876A4B /* SignupView.swift */; };
		8C4BF1B42AC8E35600876A4B /* CityQuestionView.swift in Sources */ = {isa = PBXBuildFile; fileRef = 8C4BF1B32AC8E35600876A4B /* CityQuestionView.swift */; };
		8C4BF1B62AC8E37A00876A4B /* InterestSelectionView.swift in Sources */ = {isa = PBXBuildFile; fileRef = 8C4BF1B52AC8E37A00876A4B /* InterestSelectionView.swift */; };
		8C4BF1BA2AC8E3AA00876A4B /* RecommendedPlaceView.swift in Sources */ = {isa = PBXBuildFile; fileRef = 8C4BF1B92AC8E3AA00876A4B /* RecommendedPlaceView.swift */; };
		8C4BF1BC2AC8E42800876A4B /* HomeView.swift in Sources */ = {isa = PBXBuildFile; fileRef = 8C4BF1BB2AC8E42800876A4B /* HomeView.swift */; };
		8C4BF1BE2AC8E43B00876A4B /* MapView.swift in Sources */ = {isa = PBXBuildFile; fileRef = 8C4BF1BD2AC8E43B00876A4B /* MapView.swift */; };
		8C4BF1C02AC8E44E00876A4B /* SettingsView.swift in Sources */ = {isa = PBXBuildFile; fileRef = 8C4BF1BF2AC8E44E00876A4B /* SettingsView.swift */; };
		8C4BF1C22AC8E4E500876A4B /* AuthenticationView.swift in Sources */ = {isa = PBXBuildFile; fileRef = 8C4BF1C12AC8E4E500876A4B /* AuthenticationView.swift */; };
		8C4BF1C42AC8E51A00876A4B /* RootView.swift in Sources */ = {isa = PBXBuildFile; fileRef = 8C4BF1C32AC8E51A00876A4B /* RootView.swift */; };
		8C4BF1C62AC8E68100876A4B /* SessionManager.swift in Sources */ = {isa = PBXBuildFile; fileRef = 8C4BF1C52AC8E68100876A4B /* SessionManager.swift */; };
/* End PBXBuildFile section */

/* Begin PBXFileReference section */
		8C4BF1A02AC8E2F100876A4B /* Cicero1.app */ = {isa = PBXFileReference; explicitFileType = wrapper.application; includeInIndex = 0; path = Cicero1.app; sourceTree = BUILT_PRODUCTS_DIR; };
		8C4BF1A32AC8E2F100876A4B /* Cicero1App.swift */ = {isa = PBXFileReference; lastKnownFileType = sourcecode.swift; path = Cicero1App.swift; sourceTree = "<group>"; };
		8C4BF1A52AC8E2F100876A4B /* ContentView.swift */ = {isa = PBXFileReference; lastKnownFileType = sourcecode.swift; path = ContentView.swift; sourceTree = "<group>"; };
		8C4BF1A72AC8E2F400876A4B /* Assets.xcassets */ = {isa = PBXFileReference; lastKnownFileType = folder.assetcatalog; path = Assets.xcassets; sourceTree = "<group>"; };
		8C4BF1AA2AC8E2F400876A4B /* Preview Assets.xcassets */ = {isa = PBXFileReference; lastKnownFileType = folder.assetcatalog; path = "Preview Assets.xcassets"; sourceTree = "<group>"; };
		8C4BF1B12AC8E33400876A4B /* SignupView.swift */ = {isa = PBXFileReference; lastKnownFileType = sourcecode.swift; path = SignupView.swift; sourceTree = "<group>"; };
		8C4BF1B32AC8E35600876A4B /* CityQuestionView.swift */ = {isa = PBXFileReference; lastKnownFileType = sourcecode.swift; path = CityQuestionView.swift; sourceTree = "<group>"; };
		8C4BF1B52AC8E37A00876A4B /* InterestSelectionView.swift */ = {isa = PBXFileReference; lastKnownFileType = sourcecode.swift; path = InterestSelectionView.swift; sourceTree = "<group>"; };
		8C4BF1B92AC8E3AA00876A4B /* RecommendedPlaceView.swift */ = {isa = PBXFileReference; lastKnownFileType = sourcecode.swift; path = RecommendedPlaceView.swift; sourceTree = "<group>"; };
		8C4BF1BB2AC8E42800876A4B /* HomeView.swift */ = {isa = PBXFileReference; lastKnownFileType = sourcecode.swift; path = HomeView.swift; sourceTree = "<group>"; };
		8C4BF1BD2AC8E43B00876A4B /* MapView.swift */ = {isa = PBXFileReference; lastKnownFileType = sourcecode.swift; path = MapView.swift; sourceTree = "<group>"; };
		8C4BF1BF2AC8E44E00876A4B /* SettingsView.swift */ = {isa = PBXFileReference; lastKnownFileType = sourcecode.swift; path = SettingsView.swift; sourceTree = "<group>"; };
		8C4BF1C12AC8E4E500876A4B /* AuthenticationView.swift */ = {isa = PBXFileReference; lastKnownFileType = sourcecode.swift; path = AuthenticationView.swift; sourceTree = "<group>"; };
		8C4BF1C32AC8E51A00876A4B /* RootView.swift */ = {isa = PBXFileReference; lastKnownFileType = sourcecode.swift; path = RootView.swift; sourceTree = "<group>"; };
		8C4BF1C52AC8E68100876A4B /* SessionManager.swift */ = {isa = PBXFileReference; lastKnownFileType = sourcecode.swift; path = SessionManager.swift; sourceTree = "<group>"; };
/* End PBXFileReference section */

/* Begin PBXFrameworksBuildPhase section */
		8C4BF19D2AC8E2F100876A4B /* Frameworks */ = {
			isa = PBXFrameworksBuildPhase;
			buildActionMask = 2147483647;
			files = (
			);
			runOnlyForDeploymentPostprocessing = 0;
		};
/* End PBXFrameworksBuildPhase section */

/* Begin PBXGroup section */
		8C4BF1972AC8E2F100876A4B = {
			isa = PBXGroup;
			children = (
				8C4BF1A22AC8E2F100876A4B /* Cicero1 */,
				8C4BF1A12AC8E2F100876A4B /* Products */,
			);
			sourceTree = "<group>";
		};
		8C4BF1A12AC8E2F100876A4B /* Products */ = {
			isa = PBXGroup;
			children = (
				8C4BF1A02AC8E2F100876A4B /* Cicero1.app */,
			);
			name = Products;
			sourceTree = "<group>";
		};
		8C4BF1A22AC8E2F100876A4B /* Cicero1 */ = {
			isa = PBXGroup;
			children = (
				8C4BF1A32AC8E2F100876A4B /* Cicero1App.swift */,
				8C4BF1A52AC8E2F100876A4B /* ContentView.swift */,
				8C4BF1A72AC8E2F400876A4B /* Assets.xcassets */,
				8C4BF1A92AC8E2F400876A4B /* Preview Content */,
				8C4BF1B12AC8E33400876A4B /* SignupView.swift */,
				8C4BF1B32AC8E35600876A4B /* CityQuestionView.swift */,
				8C4BF1B52AC8E37A00876A4B /* InterestSelectionView.swift */,
				8C4BF1B92AC8E3AA00876A4B /* RecommendedPlaceView.swift */,
				8C4BF1BB2AC8E42800876A4B /* HomeView.swift */,
				8C4BF1BD2AC8E43B00876A4B /* MapView.swift */,
				8C4BF1BF2AC8E44E00876A4B /* SettingsView.swift */,
				8C4BF1C12AC8E4E500876A4B /* AuthenticationView.swift */,
				8C4BF1C32AC8E51A00876A4B /* RootView.swift */,
				8C4BF1C52AC8E68100876A4B /* SessionManager.swift */,
			);
			path = Cicero1;
			sourceTree = "<group>";
		};
		8C4BF1A92AC8E2F400876A4B /* Preview Content */ = {
			isa = PBXGroup;
			children = (
				8C4BF1AA2AC8E2F400876A4B /* Preview Assets.xcassets */,
			);
			path = "Preview Content";
			sourceTree = "<group>";
		};
/* End PBXGroup section */

/* Begin PBXNativeTarget section */
		8C4BF19F2AC8E2F100876A4B /* Cicero1 */ = {
			isa = PBXNativeTarget;
			buildConfigurationList = 8C4BF1AE2AC8E2F400876A4B /* Build configuration list for PBXNativeTarget "Cicero1" */;
			buildPhases = (
				8C4BF19C2AC8E2F100876A4B /* Sources */,
				8C4BF19D2AC8E2F100876A4B /* Frameworks */,
				8C4BF19E2AC8E2F100876A4B /* Resources */,
			);
			buildRules = (
			);
			dependencies = (
			);
			name = Cicero1;
			productName = Cicero1;
			productReference = 8C4BF1A02AC8E2F100876A4B /* Cicero1.app */;
			productType = "com.apple.product-type.application";
		};
/* End PBXNativeTarget section */

/* Begin PBXProject section */
		8C4BF1982AC8E2F100876A4B /* Project object */ = {
			isa = PBXProject;
			attributes = {
				BuildIndependentTargetsInParallel = 1;
				LastSwiftUpdateCheck = 1420;
				LastUpgradeCheck = 1420;
				TargetAttributes = {
					8C4BF19F2AC8E2F100876A4B = {
						CreatedOnToolsVersion = 14.2;
					};
				};
			};
			buildConfigurationList = 8C4BF19B2AC8E2F100876A4B /* Build configuration list for PBXProject "Cicero1" */;
			compatibilityVersion = "Xcode 14.0";
			developmentRegion = en;
			hasScannedForEncodings = 0;
			knownRegions = (
				en,
				Base,
			);
			mainGroup = 8C4BF1972AC8E2F100876A4B;
			productRefGroup = 8C4BF1A12AC8E2F100876A4B /* Products */;
			projectDirPath = "";
			projectRoot = "";
			targets = (
				8C4BF19F2AC8E2F100876A4B /* Cicero1 */,
			);
		};
/* End PBXProject section */

/* Begin PBXResourcesBuildPhase section */
		8C4BF19E2AC8E2F100876A4B /* Resources */ = {
			isa = PBXResourcesBuildPhase;
			buildActionMask = 2147483647;
			files = (
				8C4BF1AB2AC8E2F400876A4B /* Preview Assets.xcassets in Resources */,
				8C4BF1A82AC8E2F400876A4B /* Assets.xcassets in Resources */,
			);
			runOnlyForDeploymentPostprocessing = 0;
		};
/* End PBXResourcesBuildPhase section */

/* Begin PBXSourcesBuildPhase section */
		8C4BF19C2AC8E2F100876A4B /* Sources */ = {
			isa = PBXSourcesBuildPhase;
			buildActionMask = 2147483647;
			files = (
				8C4BF1B22AC8E33400876A4B /* SignupView.swift in Sources */,
				8C4BF1BE2AC8E43B00876A4B /* MapView.swift in Sources */,
				8C4BF1C62AC8E68100876A4B /* SessionManager.swift in Sources */,
				8C4BF1BC2AC8E42800876A4B /* HomeView.swift in Sources */,
				8C4BF1C02AC8E44E00876A4B /* SettingsView.swift in Sources */,
				8C4BF1C22AC8E4E500876A4B /* AuthenticationView.swift in Sources */,
				8C4BF1B42AC8E35600876A4B /* CityQuestionView.swift in Sources */,
				8C4BF1BA2AC8E3AA00876A4B /* RecommendedPlaceView.swift in Sources */,
				8C4BF1A62AC8E2F100876A4B /* ContentView.swift in Sources */,
				8C4BF1B62AC8E37A00876A4B /* InterestSelectionView.swift in Sources */,
				8C4BF1A42AC8E2F100876A4B /* Cicero1App.swift in Sources */,
				8C4BF1C42AC8E51A00876A4B /* RootView.swift in Sources */,
			);
			runOnlyForDeploymentPostprocessing = 0;
		};
/* End PBXSourcesBuildPhase section */

/* Begin XCBuildConfiguration section */
		8C4BF1AC2AC8E2F400876A4B /* Debug */ = {
			isa = XCBuildConfiguration;
			buildSettings = {
				ALWAYS_SEARCH_USER_PATHS = NO;
				CLANG_ANALYZER_NONNULL = YES;
				CLANG_ANALYZER_NUMBER_OBJECT_CONVERSION = YES_AGGRESSIVE;
				CLANG_CXX_LANGUAGE_STANDARD = "gnu++20";
				CLANG_ENABLE_MODULES = YES;
				CLANG_ENABLE_OBJC_ARC = YES;
				CLANG_ENABLE_OBJC_WEAK = YES;
				CLANG_WARN_BLOCK_CAPTURE_AUTORELEASING = YES;
				CLANG_WARN_BOOL_CONVERSION = YES;
				CLANG_WARN_COMMA = YES;
				CLANG_WARN_CONSTANT_CONVERSION = YES;
				CLANG_WARN_DEPRECATED_OBJC_IMPLEMENTATIONS = YES;
				CLANG_WARN_DIRECT_OBJC_ISA_USAGE = YES_ERROR;
				CLANG_WARN_DOCUMENTATION_COMMENTS = YES;
				CLANG_WARN_EMPTY_BODY = YES;
				CLANG_WARN_ENUM_CONVERSION = YES;
				CLANG_WARN_INFINITE_RECURSION = YES;
				CLANG_WARN_INT_CONVERSION = YES;
				CLANG_WARN_NON_LITERAL_NULL_CONVERSION = YES;
				CLANG_WARN_OBJC_IMPLICIT_RETAIN_SELF = YES;
				CLANG_WARN_OBJC_LITERAL_CONVERSION = YES;
				CLANG_WARN_OBJC_ROOT_CLASS = YES_ERROR;
				CLANG_WARN_QUOTED_INCLUDE_IN_FRAMEWORK_HEADER = YES;
				CLANG_WARN_RANGE_LOOP_ANALYSIS = YES;
				CLANG_WARN_STRICT_PROTOTYPES = YES;
				CLANG_WARN_SUSPICIOUS_MOVE = YES;
				CLANG_WARN_UNGUARDED_AVAILABILITY = YES_AGGRESSIVE;
				CLANG_WARN_UNREACHABLE_CODE = YES;
				CLANG_WARN__DUPLICATE_METHOD_MATCH = YES;
				COPY_PHASE_STRIP = NO;
				DEBUG_INFORMATION_FORMAT = dwarf;
				ENABLE_STRICT_OBJC_MSGSEND = YES;
				ENABLE_TESTABILITY = YES;
				GCC_C_LANGUAGE_STANDARD = gnu11;
				GCC_DYNAMIC_NO_PIC = NO;
				GCC_NO_COMMON_BLOCKS = YES;
				GCC_OPTIMIZATION_LEVEL = 0;
				GCC_PREPROCESSOR_DEFINITIONS = (
					"DEBUG=1",
					"$(inherited)",
				);
				GCC_WARN_64_TO_32_BIT_CONVERSION = YES;
				GCC_WARN_ABOUT_RETURN_TYPE = YES_ERROR;
				GCC_WARN_UNDECLARED_SELECTOR = YES;
				GCC_WARN_UNINITIALIZED_AUTOS = YES_AGGRESSIVE;
				GCC_WARN_UNUSED_FUNCTION = YES;
				GCC_WARN_UNUSED_VARIABLE = YES;
				IPHONEOS_DEPLOYMENT_TARGET = 16.2;
				MTL_ENABLE_DEBUG_INFO = INCLUDE_SOURCE;
				MTL_FAST_MATH = YES;
				ONLY_ACTIVE_ARCH = YES;
				SDKROOT = iphoneos;
				SWIFT_ACTIVE_COMPILATION_CONDITIONS = DEBUG;
				SWIFT_OPTIMIZATION_LEVEL = "-Onone";
			};
			name = Debug;
		};
		8C4BF1AD2AC8E2F400876A4B /* Release */ = {
			isa = XCBuildConfiguration;
			buildSettings = {
				ALWAYS_SEARCH_USER_PATHS = NO;
				CLANG_ANALYZER_NONNULL = YES;
				CLANG_ANALYZER_NUMBER_OBJECT_CONVERSION = YES_AGGRESSIVE;
				CLANG_CXX_LANGUAGE_STANDARD = "gnu++20";
				CLANG_ENABLE_MODULES = YES;
				CLANG_ENABLE_OBJC_ARC = YES;
				CLANG_ENABLE_OBJC_WEAK = YES;
				CLANG_WARN_BLOCK_CAPTURE_AUTORELEASING = YES;
				CLANG_WARN_BOOL_CONVERSION = YES;
				CLANG_WARN_COMMA = YES;
				CLANG_WARN_CONSTANT_CONVERSION = YES;
				CLANG_WARN_DEPRECATED_OBJC_IMPLEMENTATIONS = YES;
				CLANG_WARN_DIRECT_OBJC_ISA_USAGE = YES_ERROR;
				CLANG_WARN_DOCUMENTATION_COMMENTS = YES;
				CLANG_WARN_EMPTY_BODY = YES;
				CLANG_WARN_ENUM_CONVERSION = YES;
				CLANG_WARN_INFINITE_RECURSION = YES;
				CLANG_WARN_INT_CONVERSION = YES;
				CLANG_WARN_NON_LITERAL_NULL_CONVERSION = YES;
				CLANG_WARN_OBJC_IMPLICIT_RETAIN_SELF = YES;
				CLANG_WARN_OBJC_LITERAL_CONVERSION = YES;
				CLANG_WARN_OBJC_ROOT_CLASS = YES_ERROR;
				CLANG_WARN_QUOTED_INCLUDE_IN_FRAMEWORK_HEADER = YES;
				CLANG_WARN_RANGE_LOOP_ANALYSIS = YES;
				CLANG_WARN_STRICT_PROTOTYPES = YES;
				CLANG_WARN_SUSPICIOUS_MOVE = YES;
				CLANG_WARN_UNGUARDED_AVAILABILITY = YES_AGGRESSIVE;
				CLANG_WARN_UNREACHABLE_CODE = YES;
				CLANG_WARN__DUPLICATE_METHOD_MATCH = YES;
				COPY_PHASE_STRIP = NO;
				DEBUG_INFORMATION_FORMAT = "dwarf-with-dsym";
				ENABLE_NS_ASSERTIONS = NO;
				ENABLE_STRICT_OBJC_MSGSEND = YES;
				GCC_C_LANGUAGE_STANDARD = gnu11;
				GCC_NO_COMMON_BLOCKS = YES;
				GCC_WARN_64_TO_32_BIT_CONVERSION = YES;
				GCC_WARN_ABOUT_RETURN_TYPE = YES_ERROR;
				GCC_WARN_UNDECLARED_SELECTOR = YES;
				GCC_WARN_UNINITIALIZED_AUTOS = YES_AGGRESSIVE;
				GCC_WARN_UNUSED_FUNCTION = YES;
				GCC_WARN_UNUSED_VARIABLE = YES;
				IPHONEOS_DEPLOYMENT_TARGET = 16.2;
				MTL_ENABLE_DEBUG_INFO = NO;
				MTL_FAST_MATH = YES;
				SDKROOT = iphoneos;
				SWIFT_COMPILATION_MODE = wholemodule;
				SWIFT_OPTIMIZATION_LEVEL = "-O";
				VALIDATE_PRODUCT = YES;
			};
			name = Release;
		};
		8C4BF1AF2AC8E2F400876A4B /* Debug */ = {
			isa = XCBuildConfiguration;
			buildSettings = {
				ASSETCATALOG_COMPILER_APPICON_NAME = AppIcon;
				ASSETCATALOG_COMPILER_GLOBAL_ACCENT_COLOR_NAME = AccentColor;
				CODE_SIGN_STYLE = Automatic;
				CURRENT_PROJECT_VERSION = 1;
				DEVELOPMENT_ASSET_PATHS = "\"Cicero1/Preview Content\"";
				DEVELOPMENT_TEAM = JZ7KH4GFGF;
				ENABLE_PREVIEWS = YES;
				GENERATE_INFOPLIST_FILE = YES;
				INFOPLIST_KEY_UIApplicationSceneManifest_Generation = YES;
				INFOPLIST_KEY_UIApplicationSupportsIndirectInputEvents = YES;
				INFOPLIST_KEY_UILaunchScreen_Generation = YES;
				INFOPLIST_KEY_UISupportedInterfaceOrientations_iPad = "UIInterfaceOrientationPortrait UIInterfaceOrientationPortraitUpsideDown UIInterfaceOrientationLandscapeLeft UIInterfaceOrientationLandscapeRight";
				INFOPLIST_KEY_UISupportedInterfaceOrientations_iPhone = "UIInterfaceOrientationPortrait UIInterfaceOrientationLandscapeLeft UIInterfaceOrientationLandscapeRight";
				LD_RUNPATH_SEARCH_PATHS = (
					"$(inherited)",
					"@executable_path/Frameworks",
				);
				MARKETING_VERSION = 1.0;
				PRODUCT_BUNDLE_IDENTIFIER = NJ.Cicero1;
				PRODUCT_NAME = "$(TARGET_NAME)";
				SWIFT_EMIT_LOC_STRINGS = YES;
				SWIFT_VERSION = 5.0;
				TARGETED_DEVICE_FAMILY = "1,2";
			};
			name = Debug;
		};
		8C4BF1B02AC8E2F400876A4B /* Release */ = {
			isa = XCBuildConfiguration;
			buildSettings = {
				ASSETCATALOG_COMPILER_APPICON_NAME = AppIcon;
				ASSETCATALOG_COMPILER_GLOBAL_ACCENT_COLOR_NAME = AccentColor;
				CODE_SIGN_STYLE = Automatic;
				CURRENT_PROJECT_VERSION = 1;
				DEVELOPMENT_ASSET_PATHS = "\"Cicero1/Preview Content\"";
				DEVELOPMENT_TEAM = JZ7KH4GFGF;
				ENABLE_PREVIEWS = YES;
				GENERATE_INFOPLIST_FILE = YES;
				INFOPLIST_KEY_UIApplicationSceneManifest_Generation = YES;
				INFOPLIST_KEY_UIApplicationSupportsIndirectInputEvents = YES;
				INFOPLIST_KEY_UILaunchScreen_Generation = YES;
				INFOPLIST_KEY_UISupportedInterfaceOrientations_iPad = "UIInterfaceOrientationPortrait UIInterfaceOrientationPortraitUpsideDown UIInterfaceOrientationLandscapeLeft UIInterfaceOrientationLandscapeRight";
				INFOPLIST_KEY_UISupportedInterfaceOrientations_iPhone = "UIInterfaceOrientationPortrait UIInterfaceOrientationLandscapeLeft UIInterfaceOrientationLandscapeRight";
				LD_RUNPATH_SEARCH_PATHS = (
					"$(inherited)",
					"@executable_path/Frameworks",
				);
				MARKETING_VERSION = 1.0;
				PRODUCT_BUNDLE_IDENTIFIER = NJ.Cicero1;
				PRODUCT_NAME = "$(TARGET_NAME)";
				SWIFT_EMIT_LOC_STRINGS = YES;
				SWIFT_VERSION = 5.0;
				TARGETED_DEVICE_FAMILY = "1,2";
			};
			name = Release;
		};
/* End XCBuildConfiguration section */

/* Begin XCConfigurationList section */
		8C4BF19B2AC8E2F100876A4B /* Build configuration list for PBXProject "Cicero1" */ = {
			isa = XCConfigurationList;
			buildConfigurations = (
				8C4BF1AC2AC8E2F400876A4B /* Debug */,
				8C4BF1AD2AC8E2F400876A4B /* Release */,
			);
			defaultConfigurationIsVisible = 0;
			defaultConfigurationName = Release;
		};
		8C4BF1AE2AC8E2F400876A4B /* Build configuration list for PBXNativeTarget "Cicero1" */ = {
			isa = XCConfigurationList;
			buildConfigurations = (
				8C4BF1AF2AC8E2F400876A4B /* Debug */,
				8C4BF1B02AC8E2F400876A4B /* Release */,
			);
			defaultConfigurationIsVisible = 0;
			defaultConfigurationName = Release;
		};
/* End XCConfigurationList section */
	};
	rootObject = 8C4BF1982AC8E2F100876A4B /* Project object */;
}
